
Microsoft Visual Studio Solution File, Format Version 12.00
# Visual Studio Express 2012 for Windows Desktop
Project("{8BC9CEB8-8B4A-11D0-8D11-00A0C91BC942}") = "PangoSprietzing", "PangoSprietzing\PangoSprietzing.vcxproj", "{D41BF8A8-D14C-4DAE-AFA1-0C93F0308272}"
EndProject
Global
	GlobalSection(SolutionConfigurationPlatforms) = preSolution
		Debug|Win32 = Debug|Win32
		Release|Win32 = Release|Win32
	EndGlobalSection
	GlobalSection(ProjectConfigurationPlatforms) = postSolution
		{D41BF8A8-D14C-4DAE-AFA1-0C93F0308272}.Debug|Win32.ActiveCfg = Debug|Win32
		{D41BF8A8-D14C-4DAE-AFA1-0C93F0308272}.Debug|Win32.Build.0 = Debug|Win32
		{D41BF8A8-D14C-4DAE-AFA1-0C93F0308272}.Release|Win32.ActiveCfg = Release|Win32
		{D41BF8A8-D14C-4DAE-AFA1-0C93F0308272}.Release|Win32.Build.0 = Release|Win32
	EndGlobalSection
	GlobalSection(SolutionProperties) = preSolution
		HideSolutionNode = FALSE
	EndGlobalSection
EndGlobal
